// !$*UTF8*$!
{
	archiveVersion = 1;
	classes = {
	};
	objectVersion = 50;
	objects = {

/* Begin PBXBuildFile section */
		B8912C4F4C792D35DFAE503A /* Pods_RealmPlayground.framework in Frameworks */ = {isa = PBXBuildFile; fileRef = 519777346592FBBAB37CFCF4 /* Pods_RealmPlayground.framework */; };
		B9CA2DBA217825900025A3C5 /* AppDelegate.swift in Sources */ = {isa = PBXBuildFile; fileRef = B9CA2DB9217825900025A3C5 /* AppDelegate.swift */; };
		B9CA2DBC217825900025A3C5 /* ViewController.swift in Sources */ = {isa = PBXBuildFile; fileRef = B9CA2DBB217825900025A3C5 /* ViewController.swift */; };
		B9CA2DBF217825900025A3C5 /* Main.storyboard in Resources */ = {isa = PBXBuildFile; fileRef = B9CA2DBD217825900025A3C5 /* Main.storyboard */; };
		B9CA2DC1217825920025A3C5 /* Assets.xcassets in Resources */ = {isa = PBXBuildFile; fileRef = B9CA2DC0217825920025A3C5 /* Assets.xcassets */; };
		B9CA2DC4217825920025A3C5 /* LaunchScreen.storyboard in Resources */ = {isa = PBXBuildFile; fileRef = B9CA2DC2217825920025A3C5 /* LaunchScreen.storyboard */; };
/* End PBXBuildFile section */

/* Begin PBXFileReference section */
		2069D3F27B253A6813107661 /* Pods-RealmPlayground.release.xcconfig */ = {isa = PBXFileReference; includeInIndex = 1; lastKnownFileType = text.xcconfig; name = "Pods-RealmPlayground.release.xcconfig"; path = "Pods/Target Support Files/Pods-RealmPlayground/Pods-RealmPlayground.release.xcconfig"; sourceTree = "<group>"; };
		519777346592FBBAB37CFCF4 /* Pods_RealmPlayground.framework */ = {isa = PBXFileReference; explicitFileType = wrapper.framework; includeInIndex = 0; path = Pods_RealmPlayground.framework; sourceTree = BUILT_PRODUCTS_DIR; };
		B8AA0EB2537FE2E3081835BA /* Pods-RealmPlayground.debug.xcconfig */ = {isa = PBXFileReference; includeInIndex = 1; lastKnownFileType = text.xcconfig; name = "Pods-RealmPlayground.debug.xcconfig"; path = "Pods/Target Support Files/Pods-RealmPlayground/Pods-RealmPlayground.debug.xcconfig"; sourceTree = "<group>"; };
		B91C6726217ABBFB0096C67B /* C05.playground */ = {isa = PBXFileReference; lastKnownFileType = file.playground; path = C05.playground; sourceTree = "<group>"; xcLanguageSpecificationIdentifier = xcode.lang.swift; };
		B9B83C2C2179A2BD00B1DB06 /* C04.playground */ = {isa = PBXFileReference; lastKnownFileType = file.playground; path = C04.playground; sourceTree = "<group>"; xcLanguageSpecificationIdentifier = xcode.lang.swift; };
		B9B83C2D2179A2BD00B1DB06 /* C03.playground */ = {isa = PBXFileReference; lastKnownFileType = file.playground; path = C03.playground; sourceTree = "<group>"; xcLanguageSpecificationIdentifier = xcode.lang.swift; };
		B9CA2DB6217825900025A3C5 /* RealmPlayground.app */ = {isa = PBXFileReference; explicitFileType = wrapper.application; includeInIndex = 0; path = RealmPlayground.app; sourceTree = BUILT_PRODUCTS_DIR; };
		B9CA2DB9217825900025A3C5 /* AppDelegate.swift */ = {isa = PBXFileReference; lastKnownFileType = sourcecode.swift; path = AppDelegate.swift; sourceTree = "<group>"; };
		B9CA2DBB217825900025A3C5 /* ViewController.swift */ = {isa = PBXFileReference; lastKnownFileType = sourcecode.swift; path = ViewController.swift; sourceTree = "<group>"; };
		B9CA2DBE217825900025A3C5 /* Base */ = {isa = PBXFileReference; lastKnownFileType = file.storyboard; name = Base; path = Base.lproj/Main.storyboard; sourceTree = "<group>"; };
		B9CA2DC0217825920025A3C5 /* Assets.xcassets */ = {isa = PBXFileReference; lastKnownFileType = folder.assetcatalog; path = Assets.xcassets; sourceTree = "<group>"; };
		B9CA2DC3217825920025A3C5 /* Base */ = {isa = PBXFileReference; lastKnownFileType = file.storyboard; name = Base; path = Base.lproj/LaunchScreen.storyboard; sourceTree = "<group>"; };
		B9CA2DC5217825920025A3C5 /* Info.plist */ = {isa = PBXFileReference; lastKnownFileType = text.plist.xml; path = Info.plist; sourceTree = "<group>"; };
/* End PBXFileReference section */

/* Begin PBXFrameworksBuildPhase section */
		B9CA2DB3217825900025A3C5 /* Frameworks */ = {
			isa = PBXFrameworksBuildPhase;
			buildActionMask = 2147483647;
			files = (
				B8912C4F4C792D35DFAE503A /* Pods_RealmPlayground.framework in Frameworks */,
			);
			runOnlyForDeploymentPostprocessing = 0;
		};
/* End PBXFrameworksBuildPhase section */

/* Begin PBXGroup section */
		70E43BFD3F4D93F23BFA00BB /* Frameworks */ = {
			isa = PBXGroup;
			children = (
				519777346592FBBAB37CFCF4 /* Pods_RealmPlayground.framework */,
			);
			name = Frameworks;
			sourceTree = "<group>";
		};
		7348FB522D963C3D1B488442 /* Pods */ = {
			isa = PBXGroup;
			children = (
				B8AA0EB2537FE2E3081835BA /* Pods-RealmPlayground.debug.xcconfig */,
				2069D3F27B253A6813107661 /* Pods-RealmPlayground.release.xcconfig */,
			);
			name = Pods;
			sourceTree = "<group>";
		};
		B9B83C2B2179A2BD00B1DB06 /* Playground */ = {
			isa = PBXGroup;
			children = (
				B9B83C2D2179A2BD00B1DB06 /* C03.playground */,
				B9B83C2C2179A2BD00B1DB06 /* C04.playground */,
				B91C6726217ABBFB0096C67B /* C05.playground */,
			);
			path = Playground;
			sourceTree = "<group>";
		};
		B9CA2DAD217825900025A3C5 = {
			isa = PBXGroup;
			children = (
				B9B83C2B2179A2BD00B1DB06 /* Playground */,
				B9CA2DB8217825900025A3C5 /* RealmPlayground */,
				B9CA2DB7217825900025A3C5 /* Products */,
				7348FB522D963C3D1B488442 /* Pods */,
				70E43BFD3F4D93F23BFA00BB /* Frameworks */,
			);
			sourceTree = "<group>";
		};
		B9CA2DB7217825900025A3C5 /* Products */ = {
			isa = PBXGroup;
			children = (
				B9CA2DB6217825900025A3C5 /* RealmPlayground.app */,
			);
			name = Products;
			sourceTree = "<group>";
		};
		B9CA2DB8217825900025A3C5 /* RealmPlayground */ = {
			isa = PBXGroup;
			children = (
				B9CA2DB9217825900025A3C5 /* AppDelegate.swift */,
				B9CA2DBB217825900025A3C5 /* ViewController.swift */,
				B9CA2DBD217825900025A3C5 /* Main.storyboard */,
				B9CA2DC0217825920025A3C5 /* Assets.xcassets */,
				B9CA2DC2217825920025A3C5 /* LaunchScreen.storyboard */,
				B9CA2DC5217825920025A3C5 /* Info.plist */,
			);
			path = RealmPlayground;
			sourceTree = "<group>";
		};
/* End PBXGroup section */

/* Begin PBXNativeTarget section */
		B9CA2DB5217825900025A3C5 /* RealmPlayground */ = {
			isa = PBXNativeTarget;
			buildConfigurationList = B9CA2DC8217825920025A3C5 /* Build configuration list for PBXNativeTarget "RealmPlayground" */;
			buildPhases = (
				BBFBA617456A6620B8268F21 /* [CP] Check Pods Manifest.lock */,
				B9CA2DB2217825900025A3C5 /* Sources */,
				B9CA2DB3217825900025A3C5 /* Frameworks */,
				B9CA2DB4217825900025A3C5 /* Resources */,
				75BB3F261AC65D37273D5D2E /* [CP] Embed Pods Frameworks */,
			);
			buildRules = (
			);
			dependencies = (
			);
			name = RealmPlayground;
			productName = RealmPlayground;
			productReference = B9CA2DB6217825900025A3C5 /* RealmPlayground.app */;
			productType = "com.apple.product-type.application";
		};
/* End PBXNativeTarget section */

/* Begin PBXProject section */
		B9CA2DAE217825900025A3C5 /* Project object */ = {
			isa = PBXProject;
			attributes = {
				LastSwiftUpdateCheck = 0940;
				LastUpgradeCheck = 0940;
				ORGANIZATIONNAME = qxxl007;
				TargetAttributes = {
					B9CA2DB5217825900025A3C5 = {
						CreatedOnToolsVersion = 9.4.1;
					};
				};
			};
			buildConfigurationList = B9CA2DB1217825900025A3C5 /* Build configuration list for PBXProject "RealmPlayground" */;
			compatibilityVersion = "Xcode 9.3";
			developmentRegion = en;
			hasScannedForEncodings = 0;
			knownRegions = (
				en,
				Base,
			);
			mainGroup = B9CA2DAD217825900025A3C5;
			productRefGroup = B9CA2DB7217825900025A3C5 /* Products */;
			projectDirPath = "";
			projectRoot = "";
			targets = (
				B9CA2DB5217825900025A3C5 /* RealmPlayground */,
			);
		};
/* End PBXProject section */

/* Begin PBXResourcesBuildPhase section */
		B9CA2DB4217825900025A3C5 /* Resources */ = {
			isa = PBXResourcesBuildPhase;
			buildActionMask = 2147483647;
			files = (
				B9CA2DC4217825920025A3C5 /* LaunchScreen.storyboard in Resources */,
				B9CA2DC1217825920025A3C5 /* Assets.xcassets in Resources */,
				B9CA2DBF217825900025A3C5 /* Main.storyboard in Resources */,
			);
			runOnlyForDeploymentPostprocessing = 0;
		};
/* End PBXResourcesBuildPhase section */

/* Begin PBXShellScriptBuildPhase section */
		75BB3F261AC65D37273D5D2E /* [CP] Embed Pods Frameworks */ = {
			isa = PBXShellScriptBuildPhase;
			buildActionMask = 2147483647;
			files = (
			);
			inputPaths = (
				"${SRCROOT}/Pods/Target Support Files/Pods-RealmPlayground/Pods-RealmPlayground-frameworks.sh",
				"${BUILT_PRODUCTS_DIR}/Realm/Realm.framework",
				"${BUILT_PRODUCTS_DIR}/RealmSwift/RealmSwift.framework",
			);
			name = "[CP] Embed Pods Frameworks";
			outputPaths = (
				"${TARGET_BUILD_DIR}/${FRAMEWORKS_FOLDER_PATH}/Realm.framework",
				"${TARGET_BUILD_DIR}/${FRAMEWORKS_FOLDER_PATH}/RealmSwift.framework",
			);
			runOnlyForDeploymentPostprocessing = 0;
			shellPath = /bin/sh;
			shellScript = "\"${SRCROOT}/Pods/Target Support Files/Pods-RealmPlayground/Pods-RealmPlayground-frameworks.sh\"\n";
			showEnvVarsInLog = 0;
		};
		BBFBA617456A6620B8268F21 /* [CP] Check Pods Manifest.lock */ = {
			isa = PBXShellScriptBuildPhase;
			buildActionMask = 2147483647;
			files = (
			);
			inputPaths = (
				"${PODS_PODFILE_DIR_PATH}/Podfile.lock",
				"${PODS_ROOT}/Manifest.lock",
			);
			name = "[CP] Check Pods Manifest.lock";
			outputPaths = (
				"$(DERIVED_FILE_DIR)/Pods-RealmPlayground-checkManifestLockResult.txt",
			);
			runOnlyForDeploymentPostprocessing = 0;
			shellPath = /bin/sh;
			shellScript = "diff \"${PODS_PODFILE_DIR_PATH}/Podfile.lock\" \"${PODS_ROOT}/Manifest.lock\" > /dev/null\nif [ $? != 0 ] ; then\n    # print error to STDERR\n    echo \"error: The sandbox is not in sync with the Podfile.lock. Run 'pod install' or update your CocoaPods installation.\" >&2\n    exit 1\nfi\n# This output is used by Xcode 'outputs' to avoid re-running this script phase.\necho \"SUCCESS\" > \"${SCRIPT_OUTPUT_FILE_0}\"\n";
			showEnvVarsInLog = 0;
		};
/* End PBXShellScriptBuildPhase section */

/* Begin PBXSourcesBuildPhase section */
		B9CA2DB2217825900025A3C5 /* Sources */ = {
			isa = PBXSourcesBuildPhase;
			buildActionMask = 2147483647;
			files = (
				B9CA2DBC217825900025A3C5 /* ViewController.swift in Sources */,
				B9CA2DBA217825900025A3C5 /* AppDelegate.swift in Sources */,
			);
			runOnlyForDeploymentPostprocessing = 0;
		};
/* End PBXSourcesBuildPhase section */

/* Begin PBXVariantGroup section */
		B9CA2DBD217825900025A3C5 /* Main.storyboard */ = {
			isa = PBXVariantGroup;
			children = (
				B9CA2DBE217825900025A3C5 /* Base */,
			);
			name = Main.storyboard;
			sourceTree = "<group>";
		};
		B9CA2DC2217825920025A3C5 /* LaunchScreen.storyboard */ = {
			isa = PBXVariantGroup;
			children = (
				B9CA2DC3217825920025A3C5 /* Base */,
			);
			name = LaunchScreen.storyboard;
			sourceTree = "<group>";
		};
/* End PBXVariantGroup section */

/* Begin XCBuildConfiguration section */
		B9CA2DC6217825920025A3C5 /* Debug */ = {
			isa = XCBuildConfiguration;
			buildSettings = {
				ALWAYS_SEARCH_USER_PATHS = NO;
				CLANG_ANALYZER_NONNULL = YES;
				CLANG_ANALYZER_NUMBER_OBJECT_CONVERSION = YES_AGGRESSIVE;
				CLANG_CXX_LANGUAGE_STANDARD = "gnu++14";
				CLANG_CXX_LIBRARY = "libc++";
				CLANG_ENABLE_MODULES = YES;
				CLANG_ENABLE_OBJC_ARC = YES;
				CLANG_ENABLE_OBJC_WEAK = YES;
				CLANG_WARN_BLOCK_CAPTURE_AUTORELEASING = YES;
				CLANG_WARN_BOOL_CONVERSION = YES;
				CLANG_WARN_COMMA = YES;
				CLANG_WARN_CONSTANT_CONVERSION = YES;
				CLANG_WARN_DEPRECATED_OBJC_IMPLEMENTATIONS = YES;
				CLANG_WARN_DIRECT_OBJC_ISA_USAGE = YES_ERROR;
				CLANG_WARN_DOCUMENTATION_COMMENTS = YES;
				CLANG_WARN_EMPTY_BODY = YES;
				CLANG_WARN_ENUM_CONVERSION = YES;
				CLANG_WARN_INFINITE_RECURSION = YES;
				CLANG_WARN_INT_CONVERSION = YES;
				CLANG_WARN_NON_LITERAL_NULL_CONVERSION = YES;
				CLANG_WARN_OBJC_IMPLICIT_RETAIN_SELF = YES;
				CLANG_WARN_OBJC_LITERAL_CONVERSION = YES;
				CLANG_WARN_OBJC_ROOT_CLASS = YES_ERROR;
				CLANG_WARN_RANGE_LOOP_ANALYSIS = YES;
				CLANG_WARN_STRICT_PROTOTYPES = YES;
				CLANG_WARN_SUSPICIOUS_MOVE = YES;
				CLANG_WARN_UNGUARDED_AVAILABILITY = YES_AGGRESSIVE;
				CLANG_WARN_UNREACHABLE_CODE = YES;
				CLANG_WARN__DUPLICATE_METHOD_MATCH = YES;
				CODE_SIGN_IDENTITY = "iPhone Developer";
				COPY_PHASE_STRIP = NO;
				DEBUG_INFORMATION_FORMAT = dwarf;
				ENABLE_STRICT_OBJC_MSGSEND = YES;
				ENABLE_TESTABILITY = YES;
				GCC_C_LANGUAGE_STANDARD = gnu11;
				GCC_DYNAMIC_NO_PIC = NO;
				GCC_NO_COMMON_BLOCKS = YES;
				GCC_OPTIMIZATION_LEVEL = 0;
				GCC_PREPROCESSOR_DEFINITIONS = (
					"DEBUG=1",
					"$(inherited)",
				);
				GCC_WARN_64_TO_32_BIT_CONVERSION = YES;
				GCC_WARN_ABOUT_RETURN_TYPE = YES_ERROR;
				GCC_WARN_UNDECLARED_SELECTOR = YES;
				GCC_WARN_UNINITIALIZED_AUTOS = YES_AGGRESSIVE;
				GCC_WARN_UNUSED_FUNCTION = YES;
				GCC_WARN_UNUSED_VARIABLE = YES;
				IPHONEOS_DEPLOYMENT_TARGET = 11.4;
				MTL_ENABLE_DEBUG_INFO = YES;
				ONLY_ACTIVE_ARCH = YES;
				SDKROOT = iphoneos;
				SWIFT_ACTIVE_COMPILATION_CONDITIONS = DEBUG;
				SWIFT_OPTIMIZATION_LEVEL = "-Onone";
			};
			name = Debug;
		};
		B9CA2DC7217825920025A3C5 /* Release */ = {
			isa = XCBuildConfiguration;
			buildSettings = {
				ALWAYS_SEARCH_USER_PATHS = NO;
				CLANG_ANALYZER_NONNULL = YES;
				CLANG_ANALYZER_NUMBER_OBJECT_CONVERSION = YES_AGGRESSIVE;
				CLANG_CXX_LANGUAGE_STANDARD = "gnu++14";
				CLANG_CXX_LIBRARY = "libc++";
				CLANG_ENABLE_MODULES = YES;
				CLANG_ENABLE_OBJC_ARC = YES;
				CLANG_ENABLE_OBJC_WEAK = YES;
				CLANG_WARN_BLOCK_CAPTURE_AUTORELEASING = YES;
				CLANG_WARN_BOOL_CONVERSION = YES;
				CLANG_WARN_COMMA = YES;
				CLANG_WARN_CONSTANT_CONVERSION = YES;
				CLANG_WARN_DEPRECATED_OBJC_IMPLEMENTATIONS = YES;
				CLANG_WARN_DIRECT_OBJC_ISA_USAGE = YES_ERROR;
				CLANG_WARN_DOCUMENTATION_COMMENTS = YES;
				CLANG_WARN_EMPTY_BODY = YES;
				CLANG_WARN_ENUM_CONVERSION = YES;
				CLANG_WARN_INFINITE_RECURSION = YES;
				CLANG_WARN_INT_CONVERSION = YES;
				CLANG_WARN_NON_LITERAL_NULL_CONVERSION = YES;
				CLANG_WARN_OBJC_IMPLICIT_RETAIN_SELF = YES;
				CLANG_WARN_OBJC_LITERAL_CONVERSION = YES;
				CLANG_WARN_OBJC_ROOT_CLASS = YES_ERROR;
				CLANG_WARN_RANGE_LOOP_ANALYSIS = YES;
				CLANG_WARN_STRICT_PROTOTYPES = YES;
				CLANG_WARN_SUSPICIOUS_MOVE = YES;
				CLANG_WARN_UNGUARDED_AVAILABILITY = YES_AGGRESSIVE;
				CLANG_WARN_UNREACHABLE_CODE = YES;
				CLANG_WARN__DUPLICATE_METHOD_MATCH = YES;
				CODE_SIGN_IDENTITY = "iPhone Developer";
				COPY_PHASE_STRIP = NO;
				DEBUG_INFORMATION_FORMAT = "dwarf-with-dsym";
				ENABLE_NS_ASSERTIONS = NO;
				ENABLE_STRICT_OBJC_MSGSEND = YES;
				GCC_C_LANGUAGE_STANDARD = gnu11;
				GCC_NO_COMMON_BLOCKS = YES;
				GCC_WARN_64_TO_32_BIT_CONVERSION = YES;
				GCC_WARN_ABOUT_RETURN_TYPE = YES_ERROR;
				GCC_WARN_UNDECLARED_SELECTOR = YES;
				GCC_WARN_UNINITIALIZED_AUTOS = YES_AGGRESSIVE;
				GCC_WARN_UNUSED_FUNCTION = YES;
				GCC_WARN_UNUSED_VARIABLE = YES;
				IPHONEOS_DEPLOYMENT_TARGET = 11.4;
				MTL_ENABLE_DEBUG_INFO = NO;
				SDKROOT = iphoneos;
				SWIFT_COMPILATION_MODE = wholemodule;
				SWIFT_OPTIMIZATION_LEVEL = "-O";
				VALIDATE_PRODUCT = YES;
			};
			name = Release;
		};
		B9CA2DC9217825920025A3C5 /* Debug */ = {
			isa = XCBuildConfiguration;
			baseConfigurationReference = B8AA0EB2537FE2E3081835BA /* Pods-RealmPlayground.debug.xcconfig */;
			buildSettings = {
				ASSETCATALOG_COMPILER_APPICON_NAME = AppIcon;
				CODE_SIGN_STYLE = Automatic;
				DEVELOPMENT_TEAM = X65GN27YEQ;
				INFOPLIST_FILE = RealmPlayground/Info.plist;
				LD_RUNPATH_SEARCH_PATHS = (
					"$(inherited)",
					"@executable_path/Frameworks",
				);
				PRODUCT_BUNDLE_IDENTIFIER = net.littlecaptain.RealmPlayground;
				PRODUCT_NAME = "$(TARGET_NAME)";
				SWIFT_VERSION = 4.0;
				TARGETED_DEVICE_FAMILY = "1,2";
			};
			name = Debug;
		};
		B9CA2DCA217825920025A3C5 /* Release */ = {
			isa = XCBuildConfiguration;
			baseConfigurationReference = 2069D3F27B253A6813107661 /* Pods-RealmPlayground.release.xcconfig */;
			buildSettings = {
				ASSETCATALOG_COMPILER_APPICON_NAME = AppIcon;
				CODE_SIGN_STYLE = Automatic;
				DEVELOPMENT_TEAM = X65GN27YEQ;
				INFOPLIST_FILE = RealmPlayground/Info.plist;
				LD_RUNPATH_SEARCH_PATHS = (
					"$(inherited)",
					"@executable_path/Frameworks",
				);
				PRODUCT_BUNDLE_IDENTIFIER = net.littlecaptain.RealmPlayground;
				PRODUCT_NAME = "$(TARGET_NAME)";
				SWIFT_VERSION = 4.0;
				TARGETED_DEVICE_FAMILY = "1,2";
			};
			name = Release;
		};
/* End XCBuildConfiguration section */

/* Begin XCConfigurationList section */
		B9CA2DB1217825900025A3C5 /* Build configuration list for PBXProject "RealmPlayground" */ = {
			isa = XCConfigurationList;
			buildConfigurations = (
				B9CA2DC6217825920025A3C5 /* Debug */,
				B9CA2DC7217825920025A3C5 /* Release */,
			);
			defaultConfigurationIsVisible = 0;
			defaultConfigurationName = Release;
		};
		B9CA2DC8217825920025A3C5 /* Build configuration list for PBXNativeTarget "RealmPlayground" */ = {
			isa = XCConfigurationList;
			buildConfigurations = (
				B9CA2DC9217825920025A3C5 /* Debug */,
				B9CA2DCA217825920025A3C5 /* Release */,
			);
			defaultConfigurationIsVisible = 0;
			defaultConfigurationName = Release;
		};
/* End XCConfigurationList section */
	};
	rootObject = B9CA2DAE217825900025A3C5 /* Project object */;
}
